hash: e593a24ad4f75f5214d4e8ae1fb83ad2be98aec15f7e1f415aee3c196abd74a8
updated: 2018-02-16T18:36:22.030799132+01:00
imports:
- name: github.com/BurntSushi/toml
  version: a368813c5e648fee92e5f6c30e3944ff9d5e8895
- name: github.com/denisenkom/go-mssqldb
  version: ee492709d4324cdcb051d2ac266b77ddc380f5c5
- name: github.com/fatih/structs
  version: a720dfa8df582c51dee1b36feabb906bde1588bd
- name: github.com/geekypanda/httpcache
  version: 01f18a9beadcc489be4f89c92e82c02e251268cc
  subpackages:
  - cfg
  - entry
  - fhttp
  - fhttp/rule
  - nethttp
  - nethttp/rule
  - ruleset
  - server
  - uri
- name: github.com/go-gomail/gomail
  version: 81ebce5c23dfd25c6c67194b37d3dd3f338c98b1
  repo: https://github.com/go-gomail/gomail
  vcs: git
- name: github.com/go-sql-driver/mysql
  version: bc14601d1bd56421dd60f561e6052c9ed77f9daf
- name: github.com/google/go-github
  version: 632a2caf6d3d380753dc7e422748202982ad18a3
  subpackages:
  - github
- name: github.com/google/go-querystring
  version: 53e6ce116135b80d037921a7fdd5138cf32d7a8a
  subpackages:
  - query
- name: github.com/hashicorp/go-version
  version: 4fe82ae3040f80a03d04d2cccb5606a626b8e1ee
- name: github.com/imdario/mergo
  version: 0d4b488675fdec1dde48751b05ab530cf0b630e1
- name: github.com/iris-contrib/formBinder
  version: ad9fb86c356f971f30319c40ddbdcf72129a2791
- name: github.com/iris-contrib/middleware
  version: c2bd36b8b769c0d79a205ae88bad4d7a329f0ca2
  repo: https://github.com/iris-contrib/middleware
  vcs: git
  subpackages:
  - cors
- name: github.com/jameskeane/bcrypt
  version: c3cd44c1e20fec46baad45b108a45be93394dc8d
- name: github.com/jinzhu/configor
  version: 6ecfe629230f24c2e92c7894c6ab21b83b757a39
- name: github.com/jinzhu/gorm
  version: 5174cc5c242a728b435ea2be8a2f7f998e15429b
  subpackages:
  - dialects/mssql
  - dialects/mysql
  - dialects/postgres
- name: github.com/jinzhu/inflection
  version: 1c35d901db3da928c72a72d8458480cc9ade058f
- name: github.com/kataras/go-errors
  version: 6fb46ef666f60ce19b5cc73906d531645d5bf8bc
- name: github.com/kennygrant/sanitize
  version: 6a0bfdde8629a3a3a7418a7eae45c54154692514
- name: github.com/klauspost/compress
  version: 5698df94daded084fa836b7df2ffbf6cbd3dd63a
  subpackages:
  - flate
  - gzip
  - zlib
- name: github.com/klauspost/cpuid
  version: ae832f27941af41db13bd6d8efd2493e3b22415a
- name: github.com/KSP-SpaceDock/SpaceDock-Extras
  version: 3c7befa20e75d2c9f9a92389f7c6abc18c8d3256
  subpackages:
  - plugins/adapter
  - plugins/ckan
  - plugins/media
  - plugins/search
  - plugins/transformers
- name: github.com/lib/pq
  version: 88edab0803230a3898347e77b474f8c1820a1f20
  subpackages:
  - hstore
  - oid
- name: github.com/microcosm-cc/bluemonday
  version: 542fd4642604d0d0c26112396ce5b1a9d01eee0b
- name: github.com/pkg/errors
  version: 30136e27e2ac8d167177e8a583aa4c3fea5be833
- name: github.com/rs/cors
  version: feef513b9575b32f84bafa580aad89b011259019
- name: github.com/russross/blackfriday
  version: 8db9055e38f0289798f4f99b3cfe8ad839e4fbfc
- name: github.com/spf13/cast
  version: acbeb36b902d72a7a4c18e8f3241075e7ab763e4
- name: github.com/StollD/iris-cache
  version: 9ba102f7406e11b5b2d03ce9388e5304a89ed860
  repo: https://github.com/StollD/iris-cache
  vcs: git
- name: github.com/ulule/limiter
  version: 0d25c13867d07314999d01525f9d69d40c6bf235
- name: github.com/valyala/bytebufferpool
  version: e746df99fe4a3986f4d4f79e13c1e0117ce9c2f7
- name: github.com/valyala/fasthttp
  version: e5f51c11919d4f66400334047b897ef0a94c6f3c
  subpackages:
  - fasthttputil
  - stackless
- name: golang.org/x/crypto
  version: 650f4a345ab4e5b245a3034b110ebc7299e68186
  subpackages:
  - acme
  - acme/autocert
  - md4
- name: golang.org/x/net
  version: 136a25c244d3019482a795d728110278d6ba09a4
  subpackages:
  - html
  - html/atom
- name: google.golang.org/appengine
  version: 5bee14b453b4c71be47ec1781b0fa61c2ea182db
  subpackages:
  - cloudsql
- name: gopkg.in/alexcesaro/quotedprintable.v3
  version: 2caba252f4dc53eaf6b553000885530023f54623
- name: gopkg.in/kataras/iris.v6
  version: 09a2066268f99fc8ee40ecddde8b415f76250f4b
  subpackages:
  - adaptors/httprouter
  - adaptors/sessions
  - middleware/logger
- name: gopkg.in/redis.v5
  version: a16aeec10ff407b1e7be6dd35797ccf5426ef0f0
  subpackages:
  - internal
  - internal/consistenthash
  - internal/hashtag
  - internal/pool
  - internal/proto
- name: gopkg.in/yaml.v2
  version: d670f9405373e636a5a2765eea47fac0c9bc91a4
testImports: []
